
Microsoft Visual Studio Solution File, Format Version 12.00
# Visual Studio 14
VisualStudioVersion = 14.0.25420.1
MinimumVisualStudioVersion = 10.0.40219.1
Project("{FAE04EC0-301F-11D3-BF4B-00C04F79EFBC}") = "Equilateral", "Equilateral\Equilateral.csproj", "{AE52CF81-EC8F-4375-A237-8B8C86BAFDE9}"
EndProject
Global
	GlobalSection(SolutionConfigurationPlatforms) = preSolution
		Debug|Any CPU = Debug|Any CPU
		Release|Any CPU = Release|Any CPU
	EndGlobalSection
	GlobalSection(ProjectConfigurationPlatforms) = postSolution
		{AE52CF81-EC8F-4375-A237-8B8C86BAFDE9}.Debug|Any CPU.ActiveCfg = Debug|Any CPU
		{AE52CF81-EC8F-4375-A237-8B8C86BAFDE9}.Debug|Any CPU.Build.0 = Debug|Any CPU
		{AE52CF81-EC8F-4375-A237-8B8C86BAFDE9}.Release|Any CPU.ActiveCfg = Release|Any CPU
		{AE52CF81-EC8F-4375-A237-8B8C86BAFDE9}.Release|Any CPU.Build.0 = Release|Any CPU
	EndGlobalSection
	GlobalSection(SolutionProperties) = preSolution
		HideSolutionNode = FALSE
	EndGlobalSection
EndGlobal
